<?xml version="1.0" encoding="utf-8"?>
<Project ToolsVersion="4.0" xmlns="http://schemas.microsoft.com/developer/msbuild/2003">
  <ItemGroup>
    <Filter Include="System">
      <UniqueIdentifier>{4FC737F1-C7A5-4376-A066-2A32D752A2FF}</UniqueIdentifier>
      <Extensions>cpp;c;cc;cxx;c++;cppm;ixx;def;odl;idl;hpj;bat;asm;asmx</Extensions>
    </Filter>
    <Filter Include="ImGUI">
      <UniqueIdentifier>{94eabee8-90a4-4ed6-b993-11a92dc58d6a}</UniqueIdentifier>
    </Filter>
    <Filter Include="Shader">
      <UniqueIdentifier>{3c668086-c0c9-4ac6-962f-971786e42e2c}</UniqueIdentifier>
    </Filter>
    <Filter Include="Scene">
      <UniqueIdentifier>{6bca3613-d12d-4aed-93e3-0f64fffe117e}</UniqueIdentifier>
    </Filter>
    <Filter Include="GameObject">
      <UniqueIdentifier>{09a52720-17c6-4f75-9070-1c8e6d09a511}</UniqueIdentifier>
    </Filter>
    <Filter Include="Resouce">
      <UniqueIdentifier>{56ea881e-a346-4707-8e9a-3afca76047a2}</UniqueIdentifier>
    </Filter>
    <Filter Include="Car">
      <UniqueIdentifier>{636834df-b01b-4181-92ee-7848da1df50d}</UniqueIdentifier>
    </Filter>
  </ItemGroup>
  <ItemGroup>
    <ClInclude Include="Main.h">
      <Filter>System</Filter>
    </ClInclude>
    <ClInclude Include="Pch.h">
      <Filter>System</Filter>
    </ClInclude>
    <ClInclude Include="GameManager.h">
      <Filter>System</Filter>
    </ClInclude>
    <ClInclude Include="RenderManager.h">
      <Filter>System</Filter>
    </ClInclude>
    <ClInclude Include="InputManager.h">
      <Filter>System</Filter>
    </ClInclude>
    <ClInclude Include="ImGUI\imgui_impl_win32.h">
      <Filter>ImGUI</Filter>
    </ClInclude>
    <ClInclude Include="ImGUI\imgui_internal.h">
      <Filter>ImGUI</Filter>
    </ClInclude>
    <ClInclude Include="ImGUI\imstb_rectpack.h">
      <Filter>ImGUI</Filter>
    </ClInclude>
    <ClInclude Include="ImGUI\imstb_textedit.h">
      <Filter>ImGUI</Filter>
    </ClInclude>
    <ClInclude Include="ImGUI\imstb_truetype.h">
      <Filter>ImGUI</Filter>
    </ClInclude>
    <ClInclude Include="ImGUI\imconfig.h">
      <Filter>ImGUI</Filter>
    </ClInclude>
    <ClInclude Include="ImGUI\imgui.h">
      <Filter>ImGUI</Filter>
    </ClInclude>
    <ClInclude Include="ImGUI\imgui_impl_dx12.h">
      <Filter>ImGUI</Filter>
    </ClInclude>
    <ClInclude Include="d3dx12.h">
      <Filter>System</Filter>
    </ClInclude>
    <ClInclude Include="DDSTextureLoader12.h">
      <Filter>System</Filter>
    </ClInclude>
    <ClInclude Include="Scene.h">
      <Filter>Scene</Filter>
    </ClInclude>
    <ClInclude Include="GameScene.h">
      <Filter>Scene</Filter>
    </ClInclude>
    <ClInclude Include="Sky.h">
      <Filter>GameObject</Filter>
    </ClInclude>
    <ClInclude Include="Model.h">
      <Filter>Resouce</Filter>
    </ClInclude>
    <ClInclude Include="Camera.h">
      <Filter>GameObject</Filter>
    </ClInclude>
    <ClInclude Include="GameObject.h">
      <Filter>GameObject</Filter>
    </ClInclude>
    <ClInclude Include="RigidBody.h">
      <Filter>Car</Filter>
    </ClInclude>
    <ClInclude Include="Setting.h">
      <Filter>Car</Filter>
    </ClInclude>
    <ClInclude Include="TireRB.h">
      <Filter>Car</Filter>
    </ClInclude>
    <ClInclude Include="Transmission.h">
      <Filter>Car</Filter>
    </ClInclude>
    <ClInclude Include="BodyRB.h">
      <Filter>Car</Filter>
    </ClInclude>
    <ClInclude Include="Brake.h">
      <Filter>Car</Filter>
    </ClInclude>
    <ClInclude Include="Car.h">
      <Filter>Car</Filter>
    </ClInclude>
    <ClInclude Include="Clutch.h">
      <Filter>Car</Filter>
    </ClInclude>
    <ClInclude Include="Differential.h">
      <Filter>Car</Filter>
    </ClInclude>
    <ClInclude Include="DriveTrain.h">
      <Filter>Car</Filter>
    </ClInclude>
    <ClInclude Include="Engine.h">
      <Filter>Car</Filter>
    </ClInclude>
    <ClInclude Include="MatrixVector.h">
      <Filter>System</Filter>
    </ClInclude>
    <ClInclude Include="Suspension.h">
      <Filter>Car</Filter>
    </ClInclude>
    <ClInclude Include="Field.h">
      <Filter>GameObject</Filter>
    </ClInclude>
    <ClInclude Include="SoundManager.h">
      <Filter>System</Filter>
    </ClInclude>
    <ClInclude Include="EnvCamera.h">
      <Filter>GameObject</Filter>
    </ClInclude>
    <ClInclude Include="CarCamera.h">
      <Filter>GameObject</Filter>
    </ClInclude>
    <ClInclude Include="ShadowCamera.h">
      <Filter>GameObject</Filter>
    </ClInclude>
    <ClInclude Include="Meter.h">
      <Filter>Car</Filter>
    </ClInclude>
    <ClInclude Include="CarSelectScene.h">
      <Filter>Scene</Filter>
    </ClInclude>
    <ClInclude Include="SmokeManager.h">
      <Filter>GameObject</Filter>
    </ClInclude>
  </ItemGroup>
  <ItemGroup>
    <ClCompile Include="Main.cpp">
      <Filter>System</Filter>
    </ClCompile>
    <ClCompile Include="Pch.cpp">
      <Filter>System</Filter>
    </ClCompile>
    <ClCompile Include="GameManager.cpp">
      <Filter>System</Filter>
    </ClCompile>
    <ClCompile Include="RenderManager.cpp">
      <Filter>System</Filter>
    </ClCompile>
    <ClCompile Include="InputManager.cpp">
      <Filter>System</Filter>
    </ClCompile>
    <ClCompile Include="ImGUI\imgui_impl_win32.cpp">
      <Filter>ImGUI</Filter>
    </ClCompile>
    <ClCompile Include="ImGUI\imgui_widgets.cpp">
      <Filter>ImGUI</Filter>
    </ClCompile>
    <ClCompile Include="ImGUI\imgui.cpp">
      <Filter>ImGUI</Filter>
    </ClCompile>
    <ClCompile Include="ImGUI\imgui_demo.cpp">
      <Filter>ImGUI</Filter>
    </ClCompile>
    <ClCompile Include="ImGUI\imgui_draw.cpp">
      <Filter>ImGUI</Filter>
    </ClCompile>
    <ClCompile Include="ImGUI\imgui_impl_dx12.cpp">
      <Filter>ImGUI</Filter>
    </ClCompile>
    <ClCompile Include="DDSTextureLoader12.cpp">
      <Filter>System</Filter>
    </ClCompile>
    <ClCompile Include="GameScene.cpp">
      <Filter>Scene</Filter>
    </ClCompile>
    <ClCompile Include="Sky.cpp">
      <Filter>GameObject</Filter>
    </ClCompile>
    <ClCompile Include="Model.cpp">
      <Filter>Resouce</Filter>
    </ClCompile>
    <ClCompile Include="RigidBody.cpp">
      <Filter>Car</Filter>
    </ClCompile>
    <ClCompile Include="Setting.cpp">
      <Filter>Car</Filter>
    </ClCompile>
    <ClCompile Include="TireRB.cpp">
      <Filter>Car</Filter>
    </ClCompile>
    <ClCompile Include="Transmission.cpp">
      <Filter>Car</Filter>
    </ClCompile>
    <ClCompile Include="BodyRB.cpp">
      <Filter>Car</Filter>
    </ClCompile>
    <ClCompile Include="Brake.cpp">
      <Filter>Car</Filter>
    </ClCompile>
    <ClCompile Include="Car.cpp">
      <Filter>Car</Filter>
    </ClCompile>
    <ClCompile Include="Clutch.cpp">
      <Filter>Car</Filter>
    </ClCompile>
    <ClCompile Include="Differential.cpp">
      <Filter>Car</Filter>
    </ClCompile>
    <ClCompile Include="Engine.cpp">
      <Filter>Car</Filter>
    </ClCompile>
    <ClCompile Include="MatrixVector.cpp">
      <Filter>System</Filter>
    </ClCompile>
    <ClCompile Include="Suspension.cpp">
      <Filter>Car</Filter>
    </ClCompile>
    <ClCompile Include="Field.cpp">
      <Filter>GameObject</Filter>
    </ClCompile>
    <ClCompile Include="SoundManager.cpp">
      <Filter>System</Filter>
    </ClCompile>
    <ClCompile Include="EnvCamera.cpp">
      <Filter>GameObject</Filter>
    </ClCompile>
    <ClCompile Include="CarCamera.cpp">
      <Filter>GameObject</Filter>
    </ClCompile>
    <ClCompile Include="ShadowCamera.cpp">
      <Filter>GameObject</Filter>
    </ClCompile>
    <ClCompile Include="Meter.cpp">
      <Filter>Car</Filter>
    </ClCompile>
    <ClCompile Include="CarSelectScene.cpp">
      <Filter>Scene</Filter>
    </ClCompile>
    <ClCompile Include="SmokeManager.cpp">
      <Filter>GameObject</Filter>
    </ClCompile>
    <ClCompile Include="Scene.cpp">
      <Filter>Scene</Filter>
    </ClCompile>
  </ItemGroup>
  <ItemGroup>
    <FxCompile Include="Shader\FXAA.hlsl">
      <Filter>Shader</Filter>
    </FxCompile>
    <FxCompile Include="Shader\FieldPS.hlsl">
      <Filter>Shader</Filter>
    </FxCompile>
    <FxCompile Include="Shader\FieldVS.hlsl">
      <Filter>Shader</Filter>
    </FxCompile>
    <FxCompile Include="Shader\PostPS.hlsl">
      <Filter>Shader</Filter>
    </FxCompile>
    <FxCompile Include="Shader\PostVS.hlsl">
      <Filter>Shader</Filter>
    </FxCompile>
    <FxCompile Include="Shader\ShadowPS.hlsl">
      <Filter>Shader</Filter>
    </FxCompile>
    <FxCompile Include="Shader\ShadowVS.hlsl">
      <Filter>Shader</Filter>
    </FxCompile>
    <FxCompile Include="Shader\SkyPS.hlsl">
      <Filter>Shader</Filter>
    </FxCompile>
    <FxCompile Include="Shader\SkyVS.hlsl">
      <Filter>Shader</Filter>
    </FxCompile>
    <FxCompile Include="Shader\CarPS.hlsl">
      <Filter>Shader</Filter>
    </FxCompile>
    <FxCompile Include="Shader\CarVS.hlsl">
      <Filter>Shader</Filter>
    </FxCompile>
    <FxCompile Include="Shader\ShrinkPS.hlsl">
      <Filter>Shader</Filter>
    </FxCompile>
    <FxCompile Include="Shader\ShrinkVS.hlsl">
      <Filter>Shader</Filter>
    </FxCompile>
    <FxCompile Include="Shader\ShrinkBlurPS.hlsl">
      <Filter>Shader</Filter>
    </FxCompile>
    <FxCompile Include="Shader\ShrinkBlurVS.hlsl">
      <Filter>Shader</Filter>
    </FxCompile>
    <FxCompile Include="Shader\IblPS.hlsl">
      <Filter>Shader</Filter>
    </FxCompile>
    <FxCompile Include="Shader\IblVS.hlsl">
      <Filter>Shader</Filter>
    </FxCompile>
    <FxCompile Include="Shader\Common.hlsl">
      <Filter>Shader</Filter>
    </FxCompile>
    <FxCompile Include="Shader\DepthPS.hlsl">
      <Filter>Shader</Filter>
    </FxCompile>
    <FxCompile Include="Shader\DepthVS.hlsl">
      <Filter>Shader</Filter>
    </FxCompile>
    <FxCompile Include="Shader\UiPS.hlsl">
      <Filter>Shader</Filter>
    </FxCompile>
    <FxCompile Include="Shader\UiVS.hlsl">
      <Filter>Shader</Filter>
    </FxCompile>
    <FxCompile Include="Shader\SmokePS.hlsl">
      <Filter>Shader</Filter>
    </FxCompile>
    <FxCompile Include="Shader\SmokeVS.hlsl">
      <Filter>Shader</Filter>
    </FxCompile>
    <FxCompile Include="Shader\AntiAliasingPS.hlsl">
      <Filter>Shader</Filter>
    </FxCompile>
    <FxCompile Include="Shader\AntiAliasingVS.hlsl">
      <Filter>Shader</Filter>
    </FxCompile>
    <FxCompile Include="Shader\Noise.hlsl">
      <Filter>Shader</Filter>
    </FxCompile>
  </ItemGroup>
</Project>